
Microsoft Visual Studio Solution File, Format Version 12.00
# Visual Studio Version 17
VisualStudioVersion = 17.4.33403.182
MinimumVisualStudioVersion = 10.0.40219.1
Project("{FAE04EC0-301F-11D3-BF4B-00C04F79EFBC}") = "SistemaTesis.Entity", "SistemaTesis.Entity\SistemaTesis.Entity.csproj", "{4CE7D725-E955-4ED2-90FE-98658D6635EE}"
EndProject
Project("{FAE04EC0-301F-11D3-BF4B-00C04F79EFBC}") = "SistemaTesis.DAL", "SistemaTesis.DAL\SistemaTesis.DAL.csproj", "{DBDE2E2B-A2CD-445C-A7AB-1214844B9F19}"
EndProject
Project("{FAE04EC0-301F-11D3-BF4B-00C04F79EFBC}") = "SistemaTesis.BLL", "SistemaTesis.BLL\SistemaTesis.BLL.csproj", "{3C1B2862-52BC-4564-AB4A-05FF66B8ACD8}"
EndProject
Project("{FAE04EC0-301F-11D3-BF4B-00C04F79EFBC}") = "SistemaTesis.IOC", "SistemaTesis.IOC\SistemaTesis.IOC.csproj", "{53835AE5-35D9-4F2F-B360-C556EC851B07}"
EndProject
Project("{FAE04EC0-301F-11D3-BF4B-00C04F79EFBC}") = "SistemaTesis.AplicacionWeb", "SistemaTesis.AplicacionWeb\SistemaTesis.AplicacionWeb.csproj", "{15514B0E-740D-434F-B325-AABB73413814}"
EndProject
Global
	GlobalSection(SolutionConfigurationPlatforms) = preSolution
		Debug|Any CPU = Debug|Any CPU
		Release|Any CPU = Release|Any CPU
	EndGlobalSection
	GlobalSection(ProjectConfigurationPlatforms) = postSolution
		{4CE7D725-E955-4ED2-90FE-98658D6635EE}.Debug|Any CPU.ActiveCfg = Debug|Any CPU
		{4CE7D725-E955-4ED2-90FE-98658D6635EE}.Debug|Any CPU.Build.0 = Debug|Any CPU
		{4CE7D725-E955-4ED2-90FE-98658D6635EE}.Release|Any CPU.ActiveCfg = Release|Any CPU
		{4CE7D725-E955-4ED2-90FE-98658D6635EE}.Release|Any CPU.Build.0 = Release|Any CPU
		{DBDE2E2B-A2CD-445C-A7AB-1214844B9F19}.Debug|Any CPU.ActiveCfg = Debug|Any CPU
		{DBDE2E2B-A2CD-445C-A7AB-1214844B9F19}.Debug|Any CPU.Build.0 = Debug|Any CPU
		{DBDE2E2B-A2CD-445C-A7AB-1214844B9F19}.Release|Any CPU.ActiveCfg = Release|Any CPU
		{DBDE2E2B-A2CD-445C-A7AB-1214844B9F19}.Release|Any CPU.Build.0 = Release|Any CPU
		{3C1B2862-52BC-4564-AB4A-05FF66B8ACD8}.Debug|Any CPU.ActiveCfg = Debug|Any CPU
		{3C1B2862-52BC-4564-AB4A-05FF66B8ACD8}.Debug|Any CPU.Build.0 = Debug|Any CPU
		{3C1B2862-52BC-4564-AB4A-05FF66B8ACD8}.Release|Any CPU.ActiveCfg = Release|Any CPU
		{3C1B2862-52BC-4564-AB4A-05FF66B8ACD8}.Release|Any CPU.Build.0 = Release|Any CPU
		{53835AE5-35D9-4F2F-B360-C556EC851B07}.Debug|Any CPU.ActiveCfg = Debug|Any CPU
		{53835AE5-35D9-4F2F-B360-C556EC851B07}.Debug|Any CPU.Build.0 = Debug|Any CPU
		{53835AE5-35D9-4F2F-B360-C556EC851B07}.Release|Any CPU.ActiveCfg = Release|Any CPU
		{53835AE5-35D9-4F2F-B360-C556EC851B07}.Release|Any CPU.Build.0 = Release|Any CPU
		{15514B0E-740D-434F-B325-AABB73413814}.Debug|Any CPU.ActiveCfg = Debug|Any CPU
		{15514B0E-740D-434F-B325-AABB73413814}.Debug|Any CPU.Build.0 = Debug|Any CPU
		{15514B0E-740D-434F-B325-AABB73413814}.Release|Any CPU.ActiveCfg = Release|Any CPU
		{15514B0E-740D-434F-B325-AABB73413814}.Release|Any CPU.Build.0 = Release|Any CPU
	EndGlobalSection
	GlobalSection(SolutionProperties) = preSolution
		HideSolutionNode = FALSE
	EndGlobalSection
	GlobalSection(ExtensibilityGlobals) = postSolution
		SolutionGuid = {2BBC0060-0CB6-4268-9AB8-1A8FA017D813}
	EndGlobalSection
EndGlobal
